
Microsoft Visual Studio Solution File, Format Version 12.00
# Visual Studio Version 17
VisualStudioVersion = 17.6.33815.320
MinimumVisualStudioVersion = 10.0.40219.1
Project("{FAE04EC0-301F-11D3-BF4B-00C04F79EFBC}") = "ShoeStore.WebApp", "ShoeStore.WebApp\ShoeStore.WebApp.csproj", "{AFC1E458-56B2-40D0-B764-00AB87A04EB4}"
EndProject
Project("{FAE04EC0-301F-11D3-BF4B-00C04F79EFBC}") = "ShoeStore.BackendAPI", "ShoeStore.BackendAPI\ShoeStore.BackendAPI.csproj", "{F9D5BAE8-3CCD-4A7E-BAE4-C3186B4222AB}"
EndProject
Global
	GlobalSection(SolutionConfigurationPlatforms) = preSolution
		Debug|Any CPU = Debug|Any CPU
		Release|Any CPU = Release|Any CPU
	EndGlobalSection
	GlobalSection(ProjectConfigurationPlatforms) = postSolution
		{AFC1E458-56B2-40D0-B764-00AB87A04EB4}.Debug|Any CPU.ActiveCfg = Debug|Any CPU
		{AFC1E458-56B2-40D0-B764-00AB87A04EB4}.Debug|Any CPU.Build.0 = Debug|Any CPU
		{AFC1E458-56B2-40D0-B764-00AB87A04EB4}.Release|Any CPU.ActiveCfg = Release|Any CPU
		{AFC1E458-56B2-40D0-B764-00AB87A04EB4}.Release|Any CPU.Build.0 = Release|Any CPU
		{F9D5BAE8-3CCD-4A7E-BAE4-C3186B4222AB}.Debug|Any CPU.ActiveCfg = Debug|Any CPU
		{F9D5BAE8-3CCD-4A7E-BAE4-C3186B4222AB}.Debug|Any CPU.Build.0 = Debug|Any CPU
		{F9D5BAE8-3CCD-4A7E-BAE4-C3186B4222AB}.Release|Any CPU.ActiveCfg = Release|Any CPU
		{F9D5BAE8-3CCD-4A7E-BAE4-C3186B4222AB}.Release|Any CPU.Build.0 = Release|Any CPU
	EndGlobalSection
	GlobalSection(SolutionProperties) = preSolution
		HideSolutionNode = FALSE
	EndGlobalSection
	GlobalSection(ExtensibilityGlobals) = postSolution
		SolutionGuid = {E01B9BB6-58DB-4EDC-89F8-4D041E51122D}
	EndGlobalSection
EndGlobal
